
Microsoft Visual Studio Solution File, Format Version 12.00
# Visual Studio Version 17
VisualStudioVersion = 17.6.33829.357
MinimumVisualStudioVersion = 10.0.40219.1
Project("{FAE04EC0-301F-11D3-BF4B-00C04F79EFBC}") = "azureMVC", "azureMVC.csproj", "{F522EAC4-5797-4687-8087-870F404C5987}"
EndProject
Global
	GlobalSection(SolutionConfigurationPlatforms) = preSolution
		Debug|Any CPU = Debug|Any CPU
		Release|Any CPU = Release|Any CPU
	EndGlobalSection
	GlobalSection(ProjectConfigurationPlatforms) = postSolution
		{F522EAC4-5797-4687-8087-870F404C5987}.Debug|Any CPU.ActiveCfg = Debug|Any CPU
		{F522EAC4-5797-4687-8087-870F404C5987}.Debug|Any CPU.Build.0 = Debug|Any CPU
		{F522EAC4-5797-4687-8087-870F404C5987}.Release|Any CPU.ActiveCfg = Release|Any CPU
		{F522EAC4-5797-4687-8087-870F404C5987}.Release|Any CPU.Build.0 = Release|Any CPU
	EndGlobalSection
	GlobalSection(SolutionProperties) = preSolution
		HideSolutionNode = FALSE
	EndGlobalSection
	GlobalSection(ExtensibilityGlobals) = postSolution
		SolutionGuid = {97A6CE7C-D59D-43B2-992E-25E73B185055}
	EndGlobalSection
EndGlobal
